
Microsoft Visual Studio Solution File, Format Version 12.00
# Visual Studio Version 17
VisualStudioVersion = 17.4.33213.308
MinimumVisualStudioVersion = 10.0.40219.1
Project("{FAE04EC0-301F-11D3-BF4B-00C04F79EFBC}") = "3D_Editor", "3D_Editor.csproj", "{EB9C2433-65C2-40C2-8838-0BCD5D2CA71C}"
EndProject
Global
	GlobalSection(SolutionConfigurationPlatforms) = preSolution
		Debug|Any CPU = Debug|Any CPU
		Release|Any CPU = Release|Any CPU
	EndGlobalSection
	GlobalSection(ProjectConfigurationPlatforms) = postSolution
		{EB9C2433-65C2-40C2-8838-0BCD5D2CA71C}.Debug|Any CPU.ActiveCfg = Debug|Any CPU
		{EB9C2433-65C2-40C2-8838-0BCD5D2CA71C}.Debug|Any CPU.Build.0 = Debug|Any CPU
		{EB9C2433-65C2-40C2-8838-0BCD5D2CA71C}.Release|Any CPU.ActiveCfg = Release|Any CPU
		{EB9C2433-65C2-40C2-8838-0BCD5D2CA71C}.Release|Any CPU.Build.0 = Release|Any CPU
	EndGlobalSection
	GlobalSection(SolutionProperties) = preSolution
		HideSolutionNode = FALSE
	EndGlobalSection
	GlobalSection(ExtensibilityGlobals) = postSolution
		SolutionGuid = {6E6E4C20-BC69-4DB0-AE70-AA26D3731B0B}
	EndGlobalSection
EndGlobal
